
Microsoft Visual Studio Solution File, Format Version 12.00
# Visual Studio Version 17
VisualStudioVersion = 17.2.32526.322
MinimumVisualStudioVersion = 10.0.40219.1
Project("{FAE04EC0-301F-11D3-BF4B-00C04F79EFBC}") = "BlazorFullStack_TaskPlanner.Server", "BlazorFullStack_TaskPlanner\Server\BlazorFullStack_TaskPlanner.Server.csproj", "{772E00C7-3148-48FB-9846-8D96F27E3025}"
EndProject
Project("{FAE04EC0-301F-11D3-BF4B-00C04F79EFBC}") = "BlazorFullStack_TaskPlanner.Client", "BlazorFullStack_TaskPlanner\Client\BlazorFullStack_TaskPlanner.Client.csproj", "{B2797785-AC60-4E37-800B-7391C2DE8B4F}"
EndProject
Project("{FAE04EC0-301F-11D3-BF4B-00C04F79EFBC}") = "BlazorFullStack_TaskPlanner.Shared", "BlazorFullStack_TaskPlanner\Shared\BlazorFullStack_TaskPlanner.Shared.csproj", "{6CE6F4F4-0E8F-4411-B906-180E3EE94B36}"
EndProject
Global
	GlobalSection(SolutionConfigurationPlatforms) = preSolution
		Debug|Any CPU = Debug|Any CPU
		Release|Any CPU = Release|Any CPU
	EndGlobalSection
	GlobalSection(ProjectConfigurationPlatforms) = postSolution
		{772E00C7-3148-48FB-9846-8D96F27E3025}.Debug|Any CPU.ActiveCfg = Debug|Any CPU
		{772E00C7-3148-48FB-9846-8D96F27E3025}.Debug|Any CPU.Build.0 = Debug|Any CPU
		{772E00C7-3148-48FB-9846-8D96F27E3025}.Release|Any CPU.ActiveCfg = Release|Any CPU
		{772E00C7-3148-48FB-9846-8D96F27E3025}.Release|Any CPU.Build.0 = Release|Any CPU
		{B2797785-AC60-4E37-800B-7391C2DE8B4F}.Debug|Any CPU.ActiveCfg = Debug|Any CPU
		{B2797785-AC60-4E37-800B-7391C2DE8B4F}.Debug|Any CPU.Build.0 = Debug|Any CPU
		{B2797785-AC60-4E37-800B-7391C2DE8B4F}.Release|Any CPU.ActiveCfg = Release|Any CPU
		{B2797785-AC60-4E37-800B-7391C2DE8B4F}.Release|Any CPU.Build.0 = Release|Any CPU
		{6CE6F4F4-0E8F-4411-B906-180E3EE94B36}.Debug|Any CPU.ActiveCfg = Debug|Any CPU
		{6CE6F4F4-0E8F-4411-B906-180E3EE94B36}.Debug|Any CPU.Build.0 = Debug|Any CPU
		{6CE6F4F4-0E8F-4411-B906-180E3EE94B36}.Release|Any CPU.ActiveCfg = Release|Any CPU
		{6CE6F4F4-0E8F-4411-B906-180E3EE94B36}.Release|Any CPU.Build.0 = Release|Any CPU
	EndGlobalSection
	GlobalSection(SolutionProperties) = preSolution
		HideSolutionNode = FALSE
	EndGlobalSection
	GlobalSection(ExtensibilityGlobals) = postSolution
		SolutionGuid = {03AD9956-1BAC-481A-BD24-4B9423491A6E}
	EndGlobalSection
EndGlobal
